
Microsoft Visual Studio Solution File, Format Version 12.00
# Visual Studio 14
VisualStudioVersion = 14.0.23107.0
MinimumVisualStudioVersion = 10.0.40219.1
Project("{FAE04EC0-301F-11D3-BF4B-00C04F79EFBC}") = "ADO.Net.DataAccessLayer_3.5", "ADO.Net.DataAccessLayer_3.5\ADO.Net.DataAccessLayer_3.5.csproj", "{3C792FE7-83CD-41C1-8B21-D72EECBB318D}"
EndProject
Project("{FAE04EC0-301F-11D3-BF4B-00C04F79EFBC}") = "ADO.Net.DataAccessLayer.SqlServer.Tests", "ADO.Net.DataAccessLayerTests\ADO.Net.DataAccessLayer.SqlServer.Tests.csproj", "{86D0B79A-8DFC-4B50-9FC4-36141622FE19}"
EndProject
Project("{2150E333-8FDC-42A3-9474-1A3956D46DE8}") = "Solution Items", "Solution Items", "{F0BE8CBD-31DD-4E5A-A23B-2B96A5B2B97D}"
	ProjectSection(SolutionItems) = preProject
		License.txt = License.txt
		ReadMe.md = ReadMe.md
	EndProjectSection
EndProject
Project("{D954291E-2A0B-460D-934E-DC6B0785DB48}") = "Ado.Net.DataAccessLayer", "Ado.Net.DataAccessLayer\Ado.Net.DataAccessLayer.shproj", "{AB35A405-3FC6-42C8-B368-C892770376A8}"
EndProject
Project("{FAE04EC0-301F-11D3-BF4B-00C04F79EFBC}") = "ADO.Net.DataAccessLayer_4.0", "ADO.Net.DataAccessLayer_4.0\ADO.Net.DataAccessLayer_4.0.csproj", "{A5061A07-B24B-482C-B835-9B28CE0AFF3D}"
EndProject
Project("{FAE04EC0-301F-11D3-BF4B-00C04F79EFBC}") = "ADO.Net.DataAccessLayer_4.5", "ADO.Net.DataAccessLayer_4.5\ADO.Net.DataAccessLayer_4.5.csproj", "{0B25EA8D-2E2B-4B30-8A39-95A36C665C4E}"
EndProject
Global
	GlobalSection(SharedMSBuildProjectFiles) = preSolution
		Ado.Net.DataAccessLayer\Ado.Net.DataAccessLayer.projitems*{a5061a07-b24b-482c-b835-9b28ce0aff3d}*SharedItemsImports = 4
		Ado.Net.DataAccessLayer\Ado.Net.DataAccessLayer.projitems*{0b25ea8d-2e2b-4b30-8a39-95a36c665c4e}*SharedItemsImports = 4
		Ado.Net.DataAccessLayer\Ado.Net.DataAccessLayer.projitems*{ab35a405-3fc6-42c8-b368-c892770376a8}*SharedItemsImports = 13
		Ado.Net.DataAccessLayer\Ado.Net.DataAccessLayer.projitems*{3c792fe7-83cd-41c1-8b21-d72eecbb318d}*SharedItemsImports = 4
	EndGlobalSection
	GlobalSection(SolutionConfigurationPlatforms) = preSolution
		Debug|Any CPU = Debug|Any CPU
		Release|Any CPU = Release|Any CPU
	EndGlobalSection
	GlobalSection(ProjectConfigurationPlatforms) = postSolution
		{3C792FE7-83CD-41C1-8B21-D72EECBB318D}.Debug|Any CPU.ActiveCfg = Debug|Any CPU
		{3C792FE7-83CD-41C1-8B21-D72EECBB318D}.Debug|Any CPU.Build.0 = Debug|Any CPU
		{3C792FE7-83CD-41C1-8B21-D72EECBB318D}.Release|Any CPU.ActiveCfg = Release|Any CPU
		{3C792FE7-83CD-41C1-8B21-D72EECBB318D}.Release|Any CPU.Build.0 = Release|Any CPU
		{86D0B79A-8DFC-4B50-9FC4-36141622FE19}.Debug|Any CPU.ActiveCfg = Debug|Any CPU
		{86D0B79A-8DFC-4B50-9FC4-36141622FE19}.Debug|Any CPU.Build.0 = Debug|Any CPU
		{86D0B79A-8DFC-4B50-9FC4-36141622FE19}.Release|Any CPU.ActiveCfg = Release|Any CPU
		{86D0B79A-8DFC-4B50-9FC4-36141622FE19}.Release|Any CPU.Build.0 = Release|Any CPU
		{A5061A07-B24B-482C-B835-9B28CE0AFF3D}.Debug|Any CPU.ActiveCfg = Debug|Any CPU
		{A5061A07-B24B-482C-B835-9B28CE0AFF3D}.Debug|Any CPU.Build.0 = Debug|Any CPU
		{A5061A07-B24B-482C-B835-9B28CE0AFF3D}.Release|Any CPU.ActiveCfg = Release|Any CPU
		{A5061A07-B24B-482C-B835-9B28CE0AFF3D}.Release|Any CPU.Build.0 = Release|Any CPU
		{0B25EA8D-2E2B-4B30-8A39-95A36C665C4E}.Debug|Any CPU.ActiveCfg = Debug|Any CPU
		{0B25EA8D-2E2B-4B30-8A39-95A36C665C4E}.Debug|Any CPU.Build.0 = Debug|Any CPU
		{0B25EA8D-2E2B-4B30-8A39-95A36C665C4E}.Release|Any CPU.ActiveCfg = Release|Any CPU
		{0B25EA8D-2E2B-4B30-8A39-95A36C665C4E}.Release|Any CPU.Build.0 = Release|Any CPU
	EndGlobalSection
	GlobalSection(SolutionProperties) = preSolution
		HideSolutionNode = FALSE
	EndGlobalSection
	GlobalSection(NDepend) = preSolution
		Project = ""
	EndGlobalSection
EndGlobal
